// !$*UTF8*$!
{
	archiveVersion = 1;
	classes = {
	};
	objectVersion = 51;
	objects = {

/* Begin PBXBuildFile section */
		013413403100FD25AD3DE02B /* Pods_Social_LoginSdk.framework in Frameworks */ = {isa = PBXBuildFile; fileRef = 234B3F3EC871A93C7778A9B5 /* Pods_Social_LoginSdk.framework */; };
		AA2E3E9E256919D9000815D7 /* AppDelegate.swift in Sources */ = {isa = PBXBuildFile; fileRef = AA2E3E9D256919D9000815D7 /* AppDelegate.swift */; };
		AA2E3EA2256919DA000815D7 /* ViewController.swift in Sources */ = {isa = PBXBuildFile; fileRef = AA2E3EA1256919DA000815D7 /* ViewController.swift */; };
		AA2E3EA5256919DA000815D7 /* Main.storyboard in Resources */ = {isa = PBXBuildFile; fileRef = AA2E3EA3256919DA000815D7 /* Main.storyboard */; };
		AA2E3EA7256919DC000815D7 /* Assets.xcassets in Resources */ = {isa = PBXBuildFile; fileRef = AA2E3EA6256919DC000815D7 /* Assets.xcassets */; };
		AA2E3EAA256919DC000815D7 /* LaunchScreen.storyboard in Resources */ = {isa = PBXBuildFile; fileRef = AA2E3EA8256919DC000815D7 /* LaunchScreen.storyboard */; };
/* End PBXBuildFile section */

/* Begin PBXFileReference section */
		234B3F3EC871A93C7778A9B5 /* Pods_Social_LoginSdk.framework */ = {isa = PBXFileReference; explicitFileType = wrapper.framework; includeInIndex = 0; path = Pods_Social_LoginSdk.framework; sourceTree = BUILT_PRODUCTS_DIR; };
		601E38ED153DA6397F5CF67E /* Pods-Social_LoginSdk.release.xcconfig */ = {isa = PBXFileReference; includeInIndex = 1; lastKnownFileType = text.xcconfig; name = "Pods-Social_LoginSdk.release.xcconfig"; path = "Target Support Files/Pods-Social_LoginSdk/Pods-Social_LoginSdk.release.xcconfig"; sourceTree = "<group>"; };
		80609169AA7061F724DBA33F /* Pods-Social_LoginSdk.debug.xcconfig */ = {isa = PBXFileReference; includeInIndex = 1; lastKnownFileType = text.xcconfig; name = "Pods-Social_LoginSdk.debug.xcconfig"; path = "Target Support Files/Pods-Social_LoginSdk/Pods-Social_LoginSdk.debug.xcconfig"; sourceTree = "<group>"; };
		AA2E3E9A256919D9000815D7 /* Social_LoginSdk.app */ = {isa = PBXFileReference; explicitFileType = wrapper.application; includeInIndex = 0; path = Social_LoginSdk.app; sourceTree = BUILT_PRODUCTS_DIR; };
		AA2E3E9D256919D9000815D7 /* AppDelegate.swift */ = {isa = PBXFileReference; lastKnownFileType = sourcecode.swift; path = AppDelegate.swift; sourceTree = "<group>"; };
		AA2E3EA1256919DA000815D7 /* ViewController.swift */ = {isa = PBXFileReference; lastKnownFileType = sourcecode.swift; path = ViewController.swift; sourceTree = "<group>"; };
		AA2E3EA4256919DA000815D7 /* Base */ = {isa = PBXFileReference; lastKnownFileType = file.storyboard; name = Base; path = Base.lproj/Main.storyboard; sourceTree = "<group>"; };
		AA2E3EA6256919DC000815D7 /* Assets.xcassets */ = {isa = PBXFileReference; lastKnownFileType = folder.assetcatalog; path = Assets.xcassets; sourceTree = "<group>"; };
		AA2E3EA9256919DC000815D7 /* Base */ = {isa = PBXFileReference; lastKnownFileType = file.storyboard; name = Base; path = Base.lproj/LaunchScreen.storyboard; sourceTree = "<group>"; };
		AA2E3EAB256919DC000815D7 /* Info.plist */ = {isa = PBXFileReference; lastKnownFileType = text.plist.xml; path = Info.plist; sourceTree = "<group>"; };
/* End PBXFileReference section */

/* Begin PBXFrameworksBuildPhase section */
		AA2E3E97256919D9000815D7 /* Frameworks */ = {
			isa = PBXFrameworksBuildPhase;
			buildActionMask = 2147483647;
			files = (
				013413403100FD25AD3DE02B /* Pods_Social_LoginSdk.framework in Frameworks */,
			);
			runOnlyForDeploymentPostprocessing = 0;
		};
/* End PBXFrameworksBuildPhase section */

/* Begin PBXGroup section */
		150F753B0CD6F077FD4977C7 /* Pods */ = {
			isa = PBXGroup;
			children = (
				80609169AA7061F724DBA33F /* Pods-Social_LoginSdk.debug.xcconfig */,
				601E38ED153DA6397F5CF67E /* Pods-Social_LoginSdk.release.xcconfig */,
			);
			path = Pods;
			sourceTree = "<group>";
		};
		880314DB0870C12848346E33 /* Frameworks */ = {
			isa = PBXGroup;
			children = (
				234B3F3EC871A93C7778A9B5 /* Pods_Social_LoginSdk.framework */,
			);
			name = Frameworks;
			sourceTree = "<group>";
		};
		AA2E3E91256919D9000815D7 = {
			isa = PBXGroup;
			children = (
				AA2E3E9C256919D9000815D7 /* Social_LoginSdk */,
				AA2E3E9B256919D9000815D7 /* Products */,
				150F753B0CD6F077FD4977C7 /* Pods */,
				880314DB0870C12848346E33 /* Frameworks */,
			);
			sourceTree = "<group>";
		};
		AA2E3E9B256919D9000815D7 /* Products */ = {
			isa = PBXGroup;
			children = (
				AA2E3E9A256919D9000815D7 /* Social_LoginSdk.app */,
			);
			name = Products;
			sourceTree = "<group>";
		};
		AA2E3E9C256919D9000815D7 /* Social_LoginSdk */ = {
			isa = PBXGroup;
			children = (
				AA2E3EC425693039000815D7 /* Facebook SDK */,
				AA2E3E9D256919D9000815D7 /* AppDelegate.swift */,
				AA2E3EA1256919DA000815D7 /* ViewController.swift */,
				AA2E3EA3256919DA000815D7 /* Main.storyboard */,
				AA2E3EA6256919DC000815D7 /* Assets.xcassets */,
				AA2E3EA8256919DC000815D7 /* LaunchScreen.storyboard */,
				AA2E3EAB256919DC000815D7 /* Info.plist */,
			);
			path = Social_LoginSdk;
			sourceTree = "<group>";
		};
		AA2E3EC425693039000815D7 /* Facebook SDK */ = {
			isa = PBXGroup;
			children = (
			);
			path = "Facebook SDK";
			sourceTree = "<group>";
		};
/* End PBXGroup section */

/* Begin PBXNativeTarget section */
		AA2E3E99256919D9000815D7 /* Social_LoginSdk */ = {
			isa = PBXNativeTarget;
			buildConfigurationList = AA2E3EAE256919DC000815D7 /* Build configuration list for PBXNativeTarget "Social_LoginSdk" */;
			buildPhases = (
				093FA572D3A1F2EE3454E7AA /* [CP] Check Pods Manifest.lock */,
				AA2E3E96256919D9000815D7 /* Sources */,
				AA2E3E97256919D9000815D7 /* Frameworks */,
				AA2E3E98256919D9000815D7 /* Resources */,
				1A0EEDDF64BA62D6A7205F10 /* [CP] Embed Pods Frameworks */,
			);
			buildRules = (
			);
			dependencies = (
			);
			name = Social_LoginSdk;
			productName = Social_LoginSdk;
			productReference = AA2E3E9A256919D9000815D7 /* Social_LoginSdk.app */;
			productType = "com.apple.product-type.application";
		};
/* End PBXNativeTarget section */

/* Begin PBXProject section */
		AA2E3E92256919D9000815D7 /* Project object */ = {
			isa = PBXProject;
			attributes = {
				LastSwiftUpdateCheck = 1210;
				LastUpgradeCheck = 1210;
				TargetAttributes = {
					AA2E3E99256919D9000815D7 = {
						CreatedOnToolsVersion = 12.1;
					};
				};
			};
			buildConfigurationList = AA2E3E95256919D9000815D7 /* Build configuration list for PBXProject "Social_LoginSdk" */;
			compatibilityVersion = "Xcode 9.3";
			developmentRegion = en;
			hasScannedForEncodings = 0;
			knownRegions = (
				en,
				Base,
			);
			mainGroup = AA2E3E91256919D9000815D7;
			productRefGroup = AA2E3E9B256919D9000815D7 /* Products */;
			projectDirPath = "";
			projectRoot = "";
			targets = (
				AA2E3E99256919D9000815D7 /* Social_LoginSdk */,
			);
		};
/* End PBXProject section */

/* Begin PBXResourcesBuildPhase section */
		AA2E3E98256919D9000815D7 /* Resources */ = {
			isa = PBXResourcesBuildPhase;
			buildActionMask = 2147483647;
			files = (
				AA2E3EAA256919DC000815D7 /* LaunchScreen.storyboard in Resources */,
				AA2E3EA7256919DC000815D7 /* Assets.xcassets in Resources */,
				AA2E3EA5256919DA000815D7 /* Main.storyboard in Resources */,
			);
			runOnlyForDeploymentPostprocessing = 0;
		};
/* End PBXResourcesBuildPhase section */

/* Begin PBXShellScriptBuildPhase section */
		093FA572D3A1F2EE3454E7AA /* [CP] Check Pods Manifest.lock */ = {
			isa = PBXShellScriptBuildPhase;
			buildActionMask = 2147483647;
			files = (
			);
			inputFileListPaths = (
			);
			inputPaths = (
				"${PODS_PODFILE_DIR_PATH}/Podfile.lock",
				"${PODS_ROOT}/Manifest.lock",
			);
			name = "[CP] Check Pods Manifest.lock";
			outputFileListPaths = (
			);
			outputPaths = (
				"$(DERIVED_FILE_DIR)/Pods-Social_LoginSdk-checkManifestLockResult.txt",
			);
			runOnlyForDeploymentPostprocessing = 0;
			shellPath = /bin/sh;
			shellScript = "diff \"${PODS_PODFILE_DIR_PATH}/Podfile.lock\" \"${PODS_ROOT}/Manifest.lock\" > /dev/null\nif [ $? != 0 ] ; then\n    # print error to STDERR\n    echo \"error: The sandbox is not in sync with the Podfile.lock. Run 'pod install' or update your CocoaPods installation.\" >&2\n    exit 1\nfi\n# This output is used by Xcode 'outputs' to avoid re-running this script phase.\necho \"SUCCESS\" > \"${SCRIPT_OUTPUT_FILE_0}\"\n";
			showEnvVarsInLog = 0;
		};
		1A0EEDDF64BA62D6A7205F10 /* [CP] Embed Pods Frameworks */ = {
			isa = PBXShellScriptBuildPhase;
			buildActionMask = 2147483647;
			files = (
			);
			inputFileListPaths = (
				"${PODS_ROOT}/Target Support Files/Pods-Social_LoginSdk/Pods-Social_LoginSdk-frameworks-${CONFIGURATION}-input-files.xcfilelist",
			);
			name = "[CP] Embed Pods Frameworks";
			outputFileListPaths = (
				"${PODS_ROOT}/Target Support Files/Pods-Social_LoginSdk/Pods-Social_LoginSdk-frameworks-${CONFIGURATION}-output-files.xcfilelist",
			);
			runOnlyForDeploymentPostprocessing = 0;
			shellPath = /bin/sh;
			shellScript = "\"${PODS_ROOT}/Target Support Files/Pods-Social_LoginSdk/Pods-Social_LoginSdk-frameworks.sh\"\n";
			showEnvVarsInLog = 0;
		};
/* End PBXShellScriptBuildPhase section */

/* Begin PBXSourcesBuildPhase section */
		AA2E3E96256919D9000815D7 /* Sources */ = {
			isa = PBXSourcesBuildPhase;
			buildActionMask = 2147483647;
			files = (
				AA2E3EA2256919DA000815D7 /* ViewController.swift in Sources */,
				AA2E3E9E256919D9000815D7 /* AppDelegate.swift in Sources */,
			);
			runOnlyForDeploymentPostprocessing = 0;
		};
/* End PBXSourcesBuildPhase section */

/* Begin PBXVariantGroup section */
		AA2E3EA3256919DA000815D7 /* Main.storyboard */ = {
			isa = PBXVariantGroup;
			children = (
				AA2E3EA4256919DA000815D7 /* Base */,
			);
			name = Main.storyboard;
			sourceTree = "<group>";
		};
		AA2E3EA8256919DC000815D7 /* LaunchScreen.storyboard */ = {
			isa = PBXVariantGroup;
			children = (
				AA2E3EA9256919DC000815D7 /* Base */,
			);
			name = LaunchScreen.storyboard;
			sourceTree = "<group>";
		};
/* End PBXVariantGroup section */

/* Begin XCBuildConfiguration section */
		AA2E3EAC256919DC000815D7 /* Debug */ = {
			isa = XCBuildConfiguration;
			buildSettings = {
				ALWAYS_SEARCH_USER_PATHS = NO;
				CLANG_ANALYZER_NONNULL = YES;
				CLANG_ANALYZER_NUMBER_OBJECT_CONVERSION = YES_AGGRESSIVE;
				CLANG_CXX_LANGUAGE_STANDARD = "gnu++14";
				CLANG_CXX_LIBRARY = "libc++";
				CLANG_ENABLE_MODULES = YES;
				CLANG_ENABLE_OBJC_ARC = YES;
				CLANG_ENABLE_OBJC_WEAK = YES;
				CLANG_WARN_BLOCK_CAPTURE_AUTORELEASING = YES;
				CLANG_WARN_BOOL_CONVERSION = YES;
				CLANG_WARN_COMMA = YES;
				CLANG_WARN_CONSTANT_CONVERSION = YES;
				CLANG_WARN_DEPRECATED_OBJC_IMPLEMENTATIONS = YES;
				CLANG_WARN_DIRECT_OBJC_ISA_USAGE = YES_ERROR;
				CLANG_WARN_DOCUMENTATION_COMMENTS = YES;
				CLANG_WARN_EMPTY_BODY = YES;
				CLANG_WARN_ENUM_CONVERSION = YES;
				CLANG_WARN_INFINITE_RECURSION = YES;
				CLANG_WARN_INT_CONVERSION = YES;
				CLANG_WARN_NON_LITERAL_NULL_CONVERSION = YES;
				CLANG_WARN_OBJC_IMPLICIT_RETAIN_SELF = YES;
				CLANG_WARN_OBJC_LITERAL_CONVERSION = YES;
				CLANG_WARN_OBJC_ROOT_CLASS = YES_ERROR;
				CLANG_WARN_QUOTED_INCLUDE_IN_FRAMEWORK_HEADER = YES;
				CLANG_WARN_RANGE_LOOP_ANALYSIS = YES;
				CLANG_WARN_STRICT_PROTOTYPES = YES;
				CLANG_WARN_SUSPICIOUS_MOVE = YES;
				CLANG_WARN_UNGUARDED_AVAILABILITY = YES_AGGRESSIVE;
				CLANG_WARN_UNREACHABLE_CODE = YES;
				CLANG_WARN__DUPLICATE_METHOD_MATCH = YES;
				COPY_PHASE_STRIP = NO;
				DEBUG_INFORMATION_FORMAT = dwarf;
				ENABLE_STRICT_OBJC_MSGSEND = YES;
				ENABLE_TESTABILITY = YES;
				GCC_C_LANGUAGE_STANDARD = gnu11;
				GCC_DYNAMIC_NO_PIC = NO;
				GCC_NO_COMMON_BLOCKS = YES;
				GCC_OPTIMIZATION_LEVEL = 0;
				GCC_PREPROCESSOR_DEFINITIONS = (
					"DEBUG=1",
					"$(inherited)",
				);
				GCC_WARN_64_TO_32_BIT_CONVERSION = YES;
				GCC_WARN_ABOUT_RETURN_TYPE = YES_ERROR;
				GCC_WARN_UNDECLARED_SELECTOR = YES;
				GCC_WARN_UNINITIALIZED_AUTOS = YES_AGGRESSIVE;
				GCC_WARN_UNUSED_FUNCTION = YES;
				GCC_WARN_UNUSED_VARIABLE = YES;
				IPHONEOS_DEPLOYMENT_TARGET = 14.1;
				MTL_ENABLE_DEBUG_INFO = INCLUDE_SOURCE;
				MTL_FAST_MATH = YES;
				ONLY_ACTIVE_ARCH = YES;
				SDKROOT = iphoneos;
				SWIFT_ACTIVE_COMPILATION_CONDITIONS = DEBUG;
				SWIFT_OPTIMIZATION_LEVEL = "-Onone";
			};
			name = Debug;
		};
		AA2E3EAD256919DC000815D7 /* Release */ = {
			isa = XCBuildConfiguration;
			buildSettings = {
				ALWAYS_SEARCH_USER_PATHS = NO;
				CLANG_ANALYZER_NONNULL = YES;
				CLANG_ANALYZER_NUMBER_OBJECT_CONVERSION = YES_AGGRESSIVE;
				CLANG_CXX_LANGUAGE_STANDARD = "gnu++14";
				CLANG_CXX_LIBRARY = "libc++";
				CLANG_ENABLE_MODULES = YES;
				CLANG_ENABLE_OBJC_ARC = YES;
				CLANG_ENABLE_OBJC_WEAK = YES;
				CLANG_WARN_BLOCK_CAPTURE_AUTORELEASING = YES;
				CLANG_WARN_BOOL_CONVERSION = YES;
				CLANG_WARN_COMMA = YES;
				CLANG_WARN_CONSTANT_CONVERSION = YES;
				CLANG_WARN_DEPRECATED_OBJC_IMPLEMENTATIONS = YES;
				CLANG_WARN_DIRECT_OBJC_ISA_USAGE = YES_ERROR;
				CLANG_WARN_DOCUMENTATION_COMMENTS = YES;
				CLANG_WARN_EMPTY_BODY = YES;
				CLANG_WARN_ENUM_CONVERSION = YES;
				CLANG_WARN_INFINITE_RECURSION = YES;
				CLANG_WARN_INT_CONVERSION = YES;
				CLANG_WARN_NON_LITERAL_NULL_CONVERSION = YES;
				CLANG_WARN_OBJC_IMPLICIT_RETAIN_SELF = YES;
				CLANG_WARN_OBJC_LITERAL_CONVERSION = YES;
				CLANG_WARN_OBJC_ROOT_CLASS = YES_ERROR;
				CLANG_WARN_QUOTED_INCLUDE_IN_FRAMEWORK_HEADER = YES;
				CLANG_WARN_RANGE_LOOP_ANALYSIS = YES;
				CLANG_WARN_STRICT_PROTOTYPES = YES;
				CLANG_WARN_SUSPICIOUS_MOVE = YES;
				CLANG_WARN_UNGUARDED_AVAILABILITY = YES_AGGRESSIVE;
				CLANG_WARN_UNREACHABLE_CODE = YES;
				CLANG_WARN__DUPLICATE_METHOD_MATCH = YES;
				COPY_PHASE_STRIP = NO;
				DEBUG_INFORMATION_FORMAT = "dwarf-with-dsym";
				ENABLE_NS_ASSERTIONS = NO;
				ENABLE_STRICT_OBJC_MSGSEND = YES;
				GCC_C_LANGUAGE_STANDARD = gnu11;
				GCC_NO_COMMON_BLOCKS = YES;
				GCC_WARN_64_TO_32_BIT_CONVERSION = YES;
				GCC_WARN_ABOUT_RETURN_TYPE = YES_ERROR;
				GCC_WARN_UNDECLARED_SELECTOR = YES;
				GCC_WARN_UNINITIALIZED_AUTOS = YES_AGGRESSIVE;
				GCC_WARN_UNUSED_FUNCTION = YES;
				GCC_WARN_UNUSED_VARIABLE = YES;
				IPHONEOS_DEPLOYMENT_TARGET = 14.1;
				MTL_ENABLE_DEBUG_INFO = NO;
				MTL_FAST_MATH = YES;
				SDKROOT = iphoneos;
				SWIFT_COMPILATION_MODE = wholemodule;
				SWIFT_OPTIMIZATION_LEVEL = "-O";
				VALIDATE_PRODUCT = YES;
			};
			name = Release;
		};
		AA2E3EAF256919DC000815D7 /* Debug */ = {
			isa = XCBuildConfiguration;
			baseConfigurationReference = 80609169AA7061F724DBA33F /* Pods-Social_LoginSdk.debug.xcconfig */;
			buildSettings = {
				ASSETCATALOG_COMPILER_APPICON_NAME = AppIcon;
				ASSETCATALOG_COMPILER_GLOBAL_ACCENT_COLOR_NAME = AccentColor;
				CODE_SIGN_STYLE = Automatic;
				DEVELOPMENT_TEAM = CHZ9UR2HD8;
				INFOPLIST_FILE = Social_LoginSdk/Info.plist;
				LD_RUNPATH_SEARCH_PATHS = (
					"$(inherited)",
					"@executable_path/Frameworks",
				);
				PRODUCT_BUNDLE_IDENTIFIER = "com.EndsTech.Matajer-Dev";
				PRODUCT_NAME = "$(TARGET_NAME)";
				SWIFT_VERSION = 5.0;
				TARGETED_DEVICE_FAMILY = 1;
			};
			name = Debug;
		};
		AA2E3EB0256919DC000815D7 /* Release */ = {
			isa = XCBuildConfiguration;
			baseConfigurationReference = 601E38ED153DA6397F5CF67E /* Pods-Social_LoginSdk.release.xcconfig */;
			buildSettings = {
				ASSETCATALOG_COMPILER_APPICON_NAME = AppIcon;
				ASSETCATALOG_COMPILER_GLOBAL_ACCENT_COLOR_NAME = AccentColor;
				CODE_SIGN_STYLE = Automatic;
				DEVELOPMENT_TEAM = CHZ9UR2HD8;
				INFOPLIST_FILE = Social_LoginSdk/Info.plist;
				LD_RUNPATH_SEARCH_PATHS = (
					"$(inherited)",
					"@executable_path/Frameworks",
				);
				PRODUCT_BUNDLE_IDENTIFIER = "com.EndsTech.Matajer-Dev";
				PRODUCT_NAME = "$(TARGET_NAME)";
				SWIFT_VERSION = 5.0;
				TARGETED_DEVICE_FAMILY = 1;
			};
			name = Release;
		};
/* End XCBuildConfiguration section */

/* Begin XCConfigurationList section */
		AA2E3E95256919D9000815D7 /* Build configuration list for PBXProject "Social_LoginSdk" */ = {
			isa = XCConfigurationList;
			buildConfigurations = (
				AA2E3EAC256919DC000815D7 /* Debug */,
				AA2E3EAD256919DC000815D7 /* Release */,
			);
			defaultConfigurationIsVisible = 0;
			defaultConfigurationName = Release;
		};
		AA2E3EAE256919DC000815D7 /* Build configuration list for PBXNativeTarget "Social_LoginSdk" */ = {
			isa = XCConfigurationList;
			buildConfigurations = (
				AA2E3EAF256919DC000815D7 /* Debug */,
				AA2E3EB0256919DC000815D7 /* Release */,
			);
			defaultConfigurationIsVisible = 0;
			defaultConfigurationName = Release;
		};
/* End XCConfigurationList section */
	};
	rootObject = AA2E3E92256919D9000815D7 /* Project object */;
}
